
Microsoft Visual Studio Solution File, Format Version 12.00
# Visual Studio 2012
Project("{FAE04EC0-301F-11D3-BF4B-00C04F79EFBC}") = "Coverflow", "Coverflow\Coverflow.csproj", "{A968DE1C-75C9-4D18-B7A1-6B60F7BB942E}"
EndProject
Global
	GlobalSection(SolutionConfigurationPlatforms) = preSolution
		Debug|iPhoneSimulator = Debug|iPhoneSimulator
		Release|iPhoneSimulator = Release|iPhoneSimulator
		Debug|iPhone = Debug|iPhone
		Release|iPhone = Release|iPhone
		Ad-Hoc|iPhone = Ad-Hoc|iPhone
		AppStore|iPhone = AppStore|iPhone
	EndGlobalSection
	GlobalSection(ProjectConfigurationPlatforms) = postSolution
		{A968DE1C-75C9-4D18-B7A1-6B60F7BB942E}.Ad-Hoc|iPhone.ActiveCfg = Ad-Hoc|iPhone
		{A968DE1C-75C9-4D18-B7A1-6B60F7BB942E}.Ad-Hoc|iPhone.Build.0 = Ad-Hoc|iPhone
		{A968DE1C-75C9-4D18-B7A1-6B60F7BB942E}.AppStore|iPhone.ActiveCfg = AppStore|iPhone
		{A968DE1C-75C9-4D18-B7A1-6B60F7BB942E}.AppStore|iPhone.Build.0 = AppStore|iPhone
		{A968DE1C-75C9-4D18-B7A1-6B60F7BB942E}.Debug|iPhone.ActiveCfg = Debug|iPhone
		{A968DE1C-75C9-4D18-B7A1-6B60F7BB942E}.Debug|iPhone.Build.0 = Debug|iPhone
		{A968DE1C-75C9-4D18-B7A1-6B60F7BB942E}.Debug|iPhoneSimulator.ActiveCfg = Debug|iPhoneSimulator
		{A968DE1C-75C9-4D18-B7A1-6B60F7BB942E}.Debug|iPhoneSimulator.Build.0 = Debug|iPhoneSimulator
		{A968DE1C-75C9-4D18-B7A1-6B60F7BB942E}.Release|iPhone.ActiveCfg = Release|iPhone
		{A968DE1C-75C9-4D18-B7A1-6B60F7BB942E}.Release|iPhone.Build.0 = Release|iPhone
		{A968DE1C-75C9-4D18-B7A1-6B60F7BB942E}.Release|iPhoneSimulator.ActiveCfg = Release|iPhoneSimulator
		{A968DE1C-75C9-4D18-B7A1-6B60F7BB942E}.Release|iPhoneSimulator.Build.0 = Release|iPhoneSimulator
	EndGlobalSection
EndGlobal
